{
  "version": 4,
  "terraform_version": "1.0.1",
  "serial": 9,
  "lineage": "e3983084-3b4c-0c43-15f3-6782aba6e390",
  "outputs": {},
  "resources": [
    {
      "mode": "managed",
      "type": "digitalocean_droplet",
      "name": "jenkins_server",
      "provider": "provider[\"registry.terraform.io/digitalocean/digitalocean\"]",
      "instances": [
        {
          "schema_version": 1,
          "attributes": {
            "backups": false,
            "created_at": "2021-06-27T18:01:38Z",
            "disk": 25,
            "id": "252425858",
            "image": "docker-20-04",
            "ipv4_address": "157.245.71.162",
            "ipv4_address_private": "10.133.0.2",
            "ipv6": false,
            "ipv6_address": "",
            "locked": false,
            "memory": 1024,
            "monitoring": false,
            "name": "jenkins",
            "price_hourly": 0.00744,
            "price_monthly": 5,
            "private_networking": true,
            "region": "ams3",
            "resize_disk": true,
            "size": "s-1vcpu-1gb",
            "ssh_keys": [
              "30371814",
              "30684983"
            ],
            "status": "active",
            "tags": null,
            "urn": "do:droplet:252425858",
            "user_data": null,
            "vcpus": 1,
            "volume_ids": [],
            "vpc_uuid": "b9b2e5aa-dc83-11e8-a3da-3cfdfea9f0d8"
          },
          "sensitive_attributes": [],
          "private": "eyJzY2hlbWFfdmVyc2lvbiI6IjEifQ=="
        }
      ]
    }
  ]
}
