{
  "version": 4,
  "terraform_version": "1.0.1",
  "serial": 42,
  "lineage": "e3983084-3b4c-0c43-15f3-6782aba6e390",
  "outputs": {},
  "resources": [
    {
      "mode": "managed",
      "type": "digitalocean_droplet",
      "name": "jenkins_server",
      "provider": "provider[\"registry.terraform.io/digitalocean/digitalocean\"]",
      "instances": [
        {
          "schema_version": 1,
          "attributes": {
            "backups": false,
            "created_at": "2021-06-29T16:35:38Z",
            "disk": 25,
            "id": "252731869",
            "image": "docker-20-04",
            "ipv4_address": "174.138.8.255",
            "ipv4_address_private": "10.133.0.2",
            "ipv6": false,
            "ipv6_address": "",
            "locked": false,
            "memory": 1024,
            "monitoring": false,
            "name": "jenkins",
            "price_hourly": 0.00744,
            "price_monthly": 5,
            "private_networking": true,
            "region": "ams3",
            "resize_disk": true,
            "size": "s-1vcpu-1gb",
            "ssh_keys": [
              "30371814",
              "30684983"
            ],
            "status": "active",
            "tags": null,
            "urn": "do:droplet:252731869",
            "user_data": null,
            "vcpus": 1,
            "volume_ids": [],
            "vpc_uuid": "b9b2e5aa-dc83-11e8-a3da-3cfdfea9f0d8"
          },
          "sensitive_attributes": [],
          "private": "eyJzY2hlbWFfdmVyc2lvbiI6IjEifQ=="
        }
      ]
    },
    {
      "mode": "managed",
      "type": "digitalocean_firewall",
      "name": "jenkins_firewall",
      "provider": "provider[\"registry.terraform.io/digitalocean/digitalocean\"]",
      "instances": [
        {
          "schema_version": 0,
          "attributes": {
            "created_at": "2021-06-29T16:37:38Z",
            "droplet_ids": [
              252731869
            ],
            "id": "6acc5dc7-b069-4635-b8ad-097d1cb8c679",
            "inbound_rule": [
              {
                "port_range": "1-65535",
                "protocol": "tcp",
                "source_addresses": [
                  "10.133.0.0/24",
                  "84.229.91.149"
                ],
                "source_droplet_ids": [],
                "source_load_balancer_uids": [],
                "source_tags": []
              },
              {
                "port_range": "8080",
                "protocol": "tcp",
                "source_addresses": [
                  "140.82.112.0/20",
                  "143.55.64.0/20",
                  "185.199.108.0/22",
                  "192.30.252.0/22"
                ],
                "source_droplet_ids": [],
                "source_load_balancer_uids": [],
                "source_tags": []
              }
            ],
            "name": "augury-test-terraform",
            "outbound_rule": [
              {
                "destination_addresses": [
                  "0.0.0.0/0",
                  "::/0"
                ],
                "destination_droplet_ids": [],
                "destination_load_balancer_uids": [],
                "destination_tags": [],
                "port_range": "1-65535",
                "protocol": "icmp"
              },
              {
                "destination_addresses": [
                  "0.0.0.0/0",
                  "::/0"
                ],
                "destination_droplet_ids": [],
                "destination_load_balancer_uids": [],
                "destination_tags": [],
                "port_range": "1-65535",
                "protocol": "tcp"
              },
              {
                "destination_addresses": [
                  "0.0.0.0/0",
                  "::/0"
                ],
                "destination_droplet_ids": [],
                "destination_load_balancer_uids": [],
                "destination_tags": [],
                "port_range": "1-65535",
                "protocol": "udp"
              }
            ],
            "pending_changes": [
              {
                "droplet_id": 252731869,
                "removing": false,
                "status": "waiting"
              }
            ],
            "status": "waiting",
            "tags": null
          },
          "sensitive_attributes": [],
          "private": "bnVsbA==",
          "dependencies": [
            "digitalocean_droplet.jenkins_server"
          ]
        }
      ]
    },
    {
      "mode": "managed",
      "type": "digitalocean_kubernetes_cluster",
      "name": "augury_test",
      "provider": "provider[\"registry.terraform.io/digitalocean/digitalocean\"]",
      "instances": [
        {
          "schema_version": 3,
          "attributes": {
            "auto_upgrade": false,
            "cluster_subnet": "10.244.0.0/16",
            "created_at": "2021-06-29 16:35:39 +0000 UTC",
            "endpoint": "https://9e1fb7fb-4519-4f83-8a0c-0d70eb2ee701.k8s.ondigitalocean.com",
            "id": "9e1fb7fb-4519-4f83-8a0c-0d70eb2ee701",
            "ipv4_address": "142.93.226.16",
            "kube_config": [
              {
                "client_certificate": "",
                "client_key": "",
                "cluster_ca_certificate": "LS0tLS1CRUdJTiBDRVJUSUZJQ0FURS0tLS0tCk1JSURKekNDQWcrZ0F3SUJBZ0lDQm5Vd0RRWUpLb1pJaHZjTkFRRUxCUUF3TXpFVk1CTUdBMVVFQ2hNTVJHbG4KYVhSaGJFOWpaV0Z1TVJvd0dBWURWUVFERXhGck9ITmhZWE1nUTJ4MWMzUmxjaUJEUVRBZUZ3MHlNVEEyTWpreApOak0xTkRSYUZ3MDBNVEEyTWpreE5qTTFORFJhTURNeEZUQVRCZ05WQkFvVERFUnBaMmwwWVd4UFkyVmhiakVhCk1CZ0dBMVVFQXhNUmF6aHpZV0Z6SUVOc2RYTjBaWElnUTBFd2dnRWlNQTBHQ1NxR1NJYjNEUUVCQVFVQUE0SUIKRHdBd2dnRUtBb0lCQVFEMEk0T1dMS2lDOVc4dEN1M2ExWXJNZlVkczh5cDRGODQrc1lCeXJYS25qNXI5M1RmSQpHYmdDMSt4SWUxc1NPS21ydDMzZ0ZVWHBkcE9Nb3RPc0tOL2VFTmFka054N1ZVVitmSDJBRHhCSlNwai9lQ2QvCmVteWh2WTVoRkpiak90V1Qyclh2Tnd6V0xFTG5EOUM5b1VjTWVxZ1RUMm9tczNDbk53ODNKNm5MOG9JMmZDU2MKUHJxb09aVmY2RGdWUnZuS2hNNXI0UEZRM2NZNEhERTQzSzZSTHhmN250VmxMZS8rWTRlVlJwajd1M011WllhWgpzZy8zT2dJRFVRWW9nR2UwNjl4YThjWDZlZjNJbnFYTktUSnFkZFpweVV1UjUwbEtZN1h5dWFMUkFmL04yOTZnCjlVKzNjSmJ3U2IrUkFJRThKN01kL0pUcEtabDhobnRoeE80VEFnTUJBQUdqUlRCRE1BNEdBMVVkRHdFQi93UUUKQXdJQmhqQVNCZ05WSFJNQkFmOEVDREFHQVFIL0FnRUFNQjBHQTFVZERnUVdCQlNEWkRUNjdrYzZXNjR3VmE2Vwo5WStJSUhXTVVEQU5CZ2txaGtpRzl3MEJBUXNGQUFPQ0FRRUEyN09KelBDZDBHTkRCdk5UcHlQZjBiWmlua0VrCkxxRUZaQ09CL2Y0RnovS21zcnBSaEFzaE9IbjJyN0VIb3luZFF5bm43ZmN5SFlUbnN6b2tLQnIxMFNveWd5V1YKRWtZb0JOMDJkcnJ5UFZET294Q25Ld1BKaEtkeWUzc3A3ZnZpSXd3SE9ibmp1K2QyN3NWeUtLeUtUNld0cDcxMQpVcU96MmQ5anpLWmhZOGN6TWkwbDFHOVZLSDdMcTlsRVZZdUN6eWVsSVJxeHhDTnI2Q0xJZWpYcEs2UWJpTzlVCm1zQU9UT2ltVEwxTDM3MnRiRlFwOVU5NGxOKy9SWTVLUFNGbG9hTENjUFV1b212VjRJUzBPVHhrQWRPaktlUy8KeElQbjRlZktEanVGMVk3ZDNua1NxUUtOeWc1MFBRNGtDR0lKbmFteHgrZ21nZVJSRW4yRk55ZkdEdz09Ci0tLS0tRU5EIENFUlRJRklDQVRFLS0tLS0K",
                "expires_at": "2021-07-06T16:41:19Z",
                "host": "https://9e1fb7fb-4519-4f83-8a0c-0d70eb2ee701.k8s.ondigitalocean.com",
                "raw_config": "apiVersion: v1\nkind: Config\nclusters:\n- cluster:\n    certificate-authority-data: LS0tLS1CRUdJTiBDRVJUSUZJQ0FURS0tLS0tCk1JSURKekNDQWcrZ0F3SUJBZ0lDQm5Vd0RRWUpLb1pJaHZjTkFRRUxCUUF3TXpFVk1CTUdBMVVFQ2hNTVJHbG4KYVhSaGJFOWpaV0Z1TVJvd0dBWURWUVFERXhGck9ITmhZWE1nUTJ4MWMzUmxjaUJEUVRBZUZ3MHlNVEEyTWpreApOak0xTkRSYUZ3MDBNVEEyTWpreE5qTTFORFJhTURNeEZUQVRCZ05WQkFvVERFUnBaMmwwWVd4UFkyVmhiakVhCk1CZ0dBMVVFQXhNUmF6aHpZV0Z6SUVOc2RYTjBaWElnUTBFd2dnRWlNQTBHQ1NxR1NJYjNEUUVCQVFVQUE0SUIKRHdBd2dnRUtBb0lCQVFEMEk0T1dMS2lDOVc4dEN1M2ExWXJNZlVkczh5cDRGODQrc1lCeXJYS25qNXI5M1RmSQpHYmdDMSt4SWUxc1NPS21ydDMzZ0ZVWHBkcE9Nb3RPc0tOL2VFTmFka054N1ZVVitmSDJBRHhCSlNwai9lQ2QvCmVteWh2WTVoRkpiak90V1Qyclh2Tnd6V0xFTG5EOUM5b1VjTWVxZ1RUMm9tczNDbk53ODNKNm5MOG9JMmZDU2MKUHJxb09aVmY2RGdWUnZuS2hNNXI0UEZRM2NZNEhERTQzSzZSTHhmN250VmxMZS8rWTRlVlJwajd1M011WllhWgpzZy8zT2dJRFVRWW9nR2UwNjl4YThjWDZlZjNJbnFYTktUSnFkZFpweVV1UjUwbEtZN1h5dWFMUkFmL04yOTZnCjlVKzNjSmJ3U2IrUkFJRThKN01kL0pUcEtabDhobnRoeE80VEFnTUJBQUdqUlRCRE1BNEdBMVVkRHdFQi93UUUKQXdJQmhqQVNCZ05WSFJNQkFmOEVDREFHQVFIL0FnRUFNQjBHQTFVZERnUVdCQlNEWkRUNjdrYzZXNjR3VmE2Vwo5WStJSUhXTVVEQU5CZ2txaGtpRzl3MEJBUXNGQUFPQ0FRRUEyN09KelBDZDBHTkRCdk5UcHlQZjBiWmlua0VrCkxxRUZaQ09CL2Y0RnovS21zcnBSaEFzaE9IbjJyN0VIb3luZFF5bm43ZmN5SFlUbnN6b2tLQnIxMFNveWd5V1YKRWtZb0JOMDJkcnJ5UFZET294Q25Ld1BKaEtkeWUzc3A3ZnZpSXd3SE9ibmp1K2QyN3NWeUtLeUtUNld0cDcxMQpVcU96MmQ5anpLWmhZOGN6TWkwbDFHOVZLSDdMcTlsRVZZdUN6eWVsSVJxeHhDTnI2Q0xJZWpYcEs2UWJpTzlVCm1zQU9UT2ltVEwxTDM3MnRiRlFwOVU5NGxOKy9SWTVLUFNGbG9hTENjUFV1b212VjRJUzBPVHhrQWRPaktlUy8KeElQbjRlZktEanVGMVk3ZDNua1NxUUtOeWc1MFBRNGtDR0lKbmFteHgrZ21nZVJSRW4yRk55ZkdEdz09Ci0tLS0tRU5EIENFUlRJRklDQVRFLS0tLS0K\n    server: https://9e1fb7fb-4519-4f83-8a0c-0d70eb2ee701.k8s.ondigitalocean.com\n  name: do-ams3-augury-test\ncontexts:\n- context:\n    cluster: do-ams3-augury-test\n    user: do-ams3-augury-test-admin\n  name: do-ams3-augury-test\ncurrent-context: do-ams3-augury-test\nusers:\n- name: do-ams3-augury-test-admin\n  user:\n    token: 0b78a93b675e371b03fd5378e0eeae75727721bb261621725c1a8ea59a880af4\n",
                "token": "0b78a93b675e371b03fd5378e0eeae75727721bb261621725c1a8ea59a880af4"
              }
            ],
            "name": "augury-test",
            "node_pool": [
              {
                "actual_node_count": 2,
                "auto_scale": false,
                "id": "34da1658-3547-42c9-83ae-30920d6da970",
                "labels": null,
                "max_nodes": 0,
                "min_nodes": 0,
                "name": "augury-worker-pool",
                "node_count": 2,
                "nodes": [
                  {
                    "created_at": "2021-06-29 16:35:39 +0000 UTC",
                    "droplet_id": "252732064",
                    "id": "cbe0f47f-b6a1-4833-954b-a4b4d490143d",
                    "name": "augury-worker-pool-8lxn0",
                    "status": "running",
                    "updated_at": "2021-06-29 16:39:18 +0000 UTC"
                  },
                  {
                    "created_at": "2021-06-29 16:35:39 +0000 UTC",
                    "droplet_id": "252732063",
                    "id": "e5b46d55-a25d-4fc3-aa2c-61507674a108",
                    "name": "augury-worker-pool-8lxn1",
                    "status": "running",
                    "updated_at": "2021-06-29 16:39:18 +0000 UTC"
                  }
                ],
                "size": "s-2vcpu-2gb",
                "tags": null,
                "taint": []
              }
            ],
            "region": "ams3",
            "service_subnet": "10.245.0.0/16",
            "status": "running",
            "surge_upgrade": true,
            "tags": null,
            "updated_at": "2021-06-29 16:41:18 +0000 UTC",
            "urn": "do:kubernetes:9e1fb7fb-4519-4f83-8a0c-0d70eb2ee701",
            "version": "1.19.12-do.0",
            "vpc_uuid": "b9b2e5aa-dc83-11e8-a3da-3cfdfea9f0d8"
          },
          "sensitive_attributes": [],
          "private": "eyJzY2hlbWFfdmVyc2lvbiI6IjMifQ=="
        }
      ]
    }
  ]
}
